
Microsoft Visual Studio Solution File, Format Version 12.00
# Visual Studio Version 17
VisualStudioVersion = 17.8.34330.188
MinimumVisualStudioVersion = 10.0.40219.1
Project("{9A19103F-16F7-4668-BE54-9A1E7A4F7556}") = "FilmsPortal_RazorPages", "FilmsPortal_RazorPages\FilmsPortal_RazorPages.csproj", "{B0252650-0361-458A-9B0C-80174F2F2183}"
EndProject
Global
	GlobalSection(SolutionConfigurationPlatforms) = preSolution
		Debug|Any CPU = Debug|Any CPU
		Release|Any CPU = Release|Any CPU
	EndGlobalSection
	GlobalSection(ProjectConfigurationPlatforms) = postSolution
		{B0252650-0361-458A-9B0C-80174F2F2183}.Debug|Any CPU.ActiveCfg = Debug|Any CPU
		{B0252650-0361-458A-9B0C-80174F2F2183}.Debug|Any CPU.Build.0 = Debug|Any CPU
		{B0252650-0361-458A-9B0C-80174F2F2183}.Release|Any CPU.ActiveCfg = Release|Any CPU
		{B0252650-0361-458A-9B0C-80174F2F2183}.Release|Any CPU.Build.0 = Release|Any CPU
	EndGlobalSection
	GlobalSection(SolutionProperties) = preSolution
		HideSolutionNode = FALSE
	EndGlobalSection
	GlobalSection(ExtensibilityGlobals) = postSolution
		SolutionGuid = {E57E2BF5-5916-4262-B09B-86304A0A0533}
	EndGlobalSection
EndGlobal
